Microsoft Visual Studio Solution File, Format Version 12.00
# Visual Studio Version 18
VisualStudioVersion = 18.0.11222.15
MinimumVisualStudioVersion = 10.0.40219.1
Project("{FAE04EC0-301F-11D3-BF4B-00C04F79EFBC}") = "DocumentAtom.Core", "DocumentAtom.Core\DocumentAtom.Core.csproj", "{5BFFE4F6-28DF-4CE3-B8DB-374BDCA331D6}"
EndProject
Project("{FAE04EC0-301F-11D3-BF4B-00C04F79EFBC}") = "DocumentAtom.Text", "DocumentAtom.Text\DocumentAtom.Text.csproj", "{DC0CF25D-275F-4C5F-87DF-0E0F4499D2BE}"
EndProject
Project("{FAE04EC0-301F-11D3-BF4B-00C04F79EFBC}") = "DocumentAtom.Documents", "DocumentAtom.Documents\DocumentAtom.Documents.csproj", "{A1234567-8901-2345-6789-0123456789AB}"
EndProject
Project("{FAE04EC0-301F-11D3-BF4B-00C04F79EFBC}") = "DocumentAtom", "DocumentAtom\DocumentAtom.csproj", "{B2345678-9012-3456-7890-123456789ABC}"
EndProject
Project("{FAE04EC0-301F-11D3-BF4B-00C04F79EFBC}") = "DocumentAtom.DataIngestion", "DocumentAtom.DataIngestion\DocumentAtom.DataIngestion.csproj", "{A1B2C3D4-E5F6-7A8B-9C0D-1E2F3A4B5C6D}"
EndProject
Project("{FAE04EC0-301F-11D3-BF4B-00C04F79EFBC}") = "DocumentAtom.Server", "DocumentAtom.Server\DocumentAtom.Server.csproj", "{50AA2AF7-992D-4005-BA0B-24727C559C6F}"
EndProject
Project("{FAE04EC0-301F-11D3-BF4B-00C04F79EFBC}") = "DocumentAtom.McpServer", "DocumentAtom.McpServer\DocumentAtom.McpServer.csproj", "{FB3D9687-6C7B-240A-4CC5-AA36C07D1E21}"
EndProject
Project("{FAE04EC0-301F-11D3-BF4B-00C04F79EFBC}") = "Test.DataIngestion", "Test.DataIngestion\Test.DataIngestion.csproj", "{B2C3D4E5-F6A7-8B9C-0D1E-2F3A4B5C6D7E}"
EndProject
Project("{FAE04EC0-301F-11D3-BF4B-00C04F79EFBC}") = "Test.Mcp", "Test.Mcp\Test.Mcp.csproj", "{7B10385A-8210-F5FB-E801-B413AA82C744}"
EndProject
Project("{FAE04EC0-301F-11D3-BF4B-00C04F79EFBC}") = "DocumentAtom.Sdk", "..\sdk\csharp\src\DocumentAtom.Sdk\DocumentAtom.Sdk.csproj", "{C3456789-0123-4567-8901-234567890CDE}"
EndProject
Project("{FAE04EC0-301F-11D3-BF4B-00C04F79EFBC}") = "Test.DocumentAtomSdk", "..\sdk\csharp\src\Test.DocumentAtomSdk\Test.DocumentAtomSdk.csproj", "{D4567890-1234-5678-9012-345678901DEF}"
EndProject
Project("{FAE04EC0-301F-11D3-BF4B-00C04F79EFBC}") = "Test.NuGet", "Test.NuGet\Test.NuGet.csproj", "{3E73F549-115E-4557-82F7-794A63B04F85}"
EndProject
Global
	GlobalSection(SolutionConfigurationPlatforms) = preSolution
		Debug|Any CPU = Debug|Any CPU
		Release|Any CPU = Release|Any CPU
	EndGlobalSection
	GlobalSection(ProjectConfigurationPlatforms) = postSolution
		{5BFFE4F6-28DF-4CE3-B8DB-374BDCA331D6}.Debug|Any CPU.ActiveCfg = Debug|Any CPU
		{5BFFE4F6-28DF-4CE3-B8DB-374BDCA331D6}.Debug|Any CPU.Build.0 = Debug|Any CPU
		{5BFFE4F6-28DF-4CE3-B8DB-374BDCA331D6}.Release|Any CPU.ActiveCfg = Release|Any CPU
		{5BFFE4F6-28DF-4CE3-B8DB-374BDCA331D6}.Release|Any CPU.Build.0 = Release|Any CPU
		{DC0CF25D-275F-4C5F-87DF-0E0F4499D2BE}.Debug|Any CPU.ActiveCfg = Debug|Any CPU
		{DC0CF25D-275F-4C5F-87DF-0E0F4499D2BE}.Debug|Any CPU.Build.0 = Debug|Any CPU
		{DC0CF25D-275F-4C5F-87DF-0E0F4499D2BE}.Release|Any CPU.ActiveCfg = Release|Any CPU
		{DC0CF25D-275F-4C5F-87DF-0E0F4499D2BE}.Release|Any CPU.Build.0 = Release|Any CPU
		{A1234567-8901-2345-6789-0123456789AB}.Debug|Any CPU.ActiveCfg = Debug|Any CPU
		{A1234567-8901-2345-6789-0123456789AB}.Debug|Any CPU.Build.0 = Debug|Any CPU
		{A1234567-8901-2345-6789-0123456789AB}.Release|Any CPU.ActiveCfg = Release|Any CPU
		{A1234567-8901-2345-6789-0123456789AB}.Release|Any CPU.Build.0 = Release|Any CPU
		{B2345678-9012-3456-7890-123456789ABC}.Debug|Any CPU.ActiveCfg = Debug|Any CPU
		{B2345678-9012-3456-7890-123456789ABC}.Debug|Any CPU.Build.0 = Debug|Any CPU
		{B2345678-9012-3456-7890-123456789ABC}.Release|Any CPU.ActiveCfg = Release|Any CPU
		{B2345678-9012-3456-7890-123456789ABC}.Release|Any CPU.Build.0 = Release|Any CPU
		{A1B2C3D4-E5F6-7A8B-9C0D-1E2F3A4B5C6D}.Debug|Any CPU.ActiveCfg = Debug|Any CPU
		{A1B2C3D4-E5F6-7A8B-9C0D-1E2F3A4B5C6D}.Debug|Any CPU.Build.0 = Debug|Any CPU
		{A1B2C3D4-E5F6-7A8B-9C0D-1E2F3A4B5C6D}.Release|Any CPU.ActiveCfg = Release|Any CPU
		{A1B2C3D4-E5F6-7A8B-9C0D-1E2F3A4B5C6D}.Release|Any CPU.Build.0 = Release|Any CPU
		{50AA2AF7-992D-4005-BA0B-24727C559C6F}.Debug|Any CPU.ActiveCfg = Debug|Any CPU
		{50AA2AF7-992D-4005-BA0B-24727C559C6F}.Debug|Any CPU.Build.0 = Debug|Any CPU
		{50AA2AF7-992D-4005-BA0B-24727C559C6F}.Release|Any CPU.ActiveCfg = Release|Any CPU
		{50AA2AF7-992D-4005-BA0B-24727C559C6F}.Release|Any CPU.Build.0 = Release|Any CPU
		{FB3D9687-6C7B-240A-4CC5-AA36C07D1E21}.Debug|Any CPU.ActiveCfg = Debug|Any CPU
		{FB3D9687-6C7B-240A-4CC5-AA36C07D1E21}.Debug|Any CPU.Build.0 = Debug|Any CPU
		{FB3D9687-6C7B-240A-4CC5-AA36C07D1E21}.Release|Any CPU.ActiveCfg = Release|Any CPU
		{FB3D9687-6C7B-240A-4CC5-AA36C07D1E21}.Release|Any CPU.Build.0 = Release|Any CPU
		{B2C3D4E5-F6A7-8B9C-0D1E-2F3A4B5C6D7E}.Debug|Any CPU.ActiveCfg = Debug|Any CPU
		{B2C3D4E5-F6A7-8B9C-0D1E-2F3A4B5C6D7E}.Debug|Any CPU.Build.0 = Debug|Any CPU
		{B2C3D4E5-F6A7-8B9C-0D1E-2F3A4B5C6D7E}.Release|Any CPU.ActiveCfg = Release|Any CPU
		{B2C3D4E5-F6A7-8B9C-0D1E-2F3A4B5C6D7E}.Release|Any CPU.Build.0 = Release|Any CPU
		{7B10385A-8210-F5FB-E801-B413AA82C744}.Debug|Any CPU.ActiveCfg = Debug|Any CPU
		{7B10385A-8210-F5FB-E801-B413AA82C744}.Debug|Any CPU.Build.0 = Debug|Any CPU
		{7B10385A-8210-F5FB-E801-B413AA82C744}.Release|Any CPU.ActiveCfg = Release|Any CPU
		{7B10385A-8210-F5FB-E801-B413AA82C744}.Release|Any CPU.Build.0 = Release|Any CPU
		{C3456789-0123-4567-8901-234567890CDE}.Debug|Any CPU.ActiveCfg = Debug|Any CPU
		{C3456789-0123-4567-8901-234567890CDE}.Debug|Any CPU.Build.0 = Debug|Any CPU
		{C3456789-0123-4567-8901-234567890CDE}.Release|Any CPU.ActiveCfg = Release|Any CPU
		{C3456789-0123-4567-8901-234567890CDE}.Release|Any CPU.Build.0 = Release|Any CPU
		{D4567890-1234-5678-9012-345678901DEF}.Debug|Any CPU.ActiveCfg = Debug|Any CPU
		{D4567890-1234-5678-9012-345678901DEF}.Debug|Any CPU.Build.0 = Debug|Any CPU
		{D4567890-1234-5678-9012-345678901DEF}.Release|Any CPU.ActiveCfg = Release|Any CPU
		{D4567890-1234-5678-9012-345678901DEF}.Release|Any CPU.Build.0 = Release|Any CPU
		{3E73F549-115E-4557-82F7-794A63B04F85}.Debug|Any CPU.ActiveCfg = Debug|Any CPU
		{3E73F549-115E-4557-82F7-794A63B04F85}.Debug|Any CPU.Build.0 = Debug|Any CPU
		{3E73F549-115E-4557-82F7-794A63B04F85}.Release|Any CPU.ActiveCfg = Release|Any CPU
		{3E73F549-115E-4557-82F7-794A63B04F85}.Release|Any CPU.Build.0 = Release|Any CPU
	EndGlobalSection
	GlobalSection(SolutionProperties) = preSolution
		HideSolutionNode = FALSE
	EndGlobalSection
	GlobalSection(ExtensibilityGlobals) = postSolution
		SolutionGuid = {58935BC1-7C49-41A9-B8E8-1DFB64C667A2}
	EndGlobalSection
EndGlobal
