
Microsoft Visual Studio Solution File, Format Version 12.00
# Visual Studio Version 17
VisualStudioVersion = 17.12.35527.113
MinimumVisualStudioVersion = 10.0.40219.1
Project("{FAE04EC0-301F-11D3-BF4B-00C04F79EFBC}") = "DocumentAtom.Core", "DocumentAtom.Core\DocumentAtom.Core.csproj", "{5BFFE4F6-28DF-4CE3-B8DB-374BDCA331D6}"
EndProject
Project("{FAE04EC0-301F-11D3-BF4B-00C04F79EFBC}") = "DocumentAtom.Text", "DocumentAtom.Text\DocumentAtom.Text.csproj", "{DC0CF25D-275F-4C5F-87DF-0E0F4499D2BE}"
EndProject
Project("{FAE04EC0-301F-11D3-BF4B-00C04F79EFBC}") = "Test.TextProcessor", "Test.TextProcessor\Test.TextProcessor.csproj", "{0FA7EE54-24AB-4C84-8277-8E8179288927}"
EndProject
Project("{FAE04EC0-301F-11D3-BF4B-00C04F79EFBC}") = "DocumentAtom.Markdown", "DocumentAtom.Markdown\DocumentAtom.Markdown.csproj", "{9F62A348-FD19-4034-B1C4-EF07F687DDF1}"
EndProject
Project("{FAE04EC0-301F-11D3-BF4B-00C04F79EFBC}") = "Test.MarkdownProcessor", "Test.MarkdownProcessor\Test.MarkdownProcessor.csproj", "{598C4711-B5BD-4589-96EE-2E39F9A37320}"
EndProject
Project("{FAE04EC0-301F-11D3-BF4B-00C04F79EFBC}") = "DocumentAtom.Word", "DocumentAtom.Word\DocumentAtom.Word.csproj", "{D7C17DAD-E599-44E2-B16B-0D10A0D8B01D}"
EndProject
Project("{FAE04EC0-301F-11D3-BF4B-00C04F79EFBC}") = "Test.DocxProcessor", "Test.DocxProcessor\Test.DocxProcessor.csproj", "{4822921D-D2F3-4583-8AB1-A1E5E0B74AF5}"
EndProject
Project("{FAE04EC0-301F-11D3-BF4B-00C04F79EFBC}") = "DocumentAtom.Excel", "DocumentAtom.Excel\DocumentAtom.Excel.csproj", "{732079A2-6A6E-4C39-9B18-516F1CEDF84B}"
EndProject
Project("{FAE04EC0-301F-11D3-BF4B-00C04F79EFBC}") = "Test.XlsxProcessor", "Test.XlsxProcessor\Test.XlsxProcessor.csproj", "{B5581CD9-B2E4-49FA-9D34-66B5CDAB249D}"
EndProject
Project("{FAE04EC0-301F-11D3-BF4B-00C04F79EFBC}") = "DocumentAtom.PowerPoint", "DocumentAtom.PowerPoint\DocumentAtom.PowerPoint.csproj", "{4267B518-533F-4EA9-A18A-56425CC8BCA7}"
EndProject
Project("{FAE04EC0-301F-11D3-BF4B-00C04F79EFBC}") = "Test.PptxProcessor", "Test.PptxProcessor\Test.PptxProcessor.csproj", "{57A7F970-7304-4308-8FDC-CC9B4EC0F44F}"
EndProject
Project("{FAE04EC0-301F-11D3-BF4B-00C04F79EFBC}") = "DocumentAtom.Pdf", "DocumentAtom.Pdf\DocumentAtom.Pdf.csproj", "{DAE0C5DD-9B65-40EA-9C72-16664545362E}"
EndProject
Project("{FAE04EC0-301F-11D3-BF4B-00C04F79EFBC}") = "Test.PdfProcessor", "Test.PdfProcessor\Test.PdfProcessor.csproj", "{F8481B5E-F30C-4795-8EA0-F066C284AC92}"
EndProject
Project("{FAE04EC0-301F-11D3-BF4B-00C04F79EFBC}") = "DocumentAtom.Image", "DocumentAtom.Image\DocumentAtom.Image.csproj", "{55CF6F68-6756-4C2C-A476-54ED1B8BB48E}"
EndProject
Project("{FAE04EC0-301F-11D3-BF4B-00C04F79EFBC}") = "Test.ImageProcessor", "Test.ImageProcessor\Test.ImageProcessor.csproj", "{74E15FE8-D4E1-41E3-B636-3A0F0399FFF6}"
EndProject
Project("{FAE04EC0-301F-11D3-BF4B-00C04F79EFBC}") = "DocumentAtom.Ocr", "DocumentAtom.Ocr\DocumentAtom.Ocr.csproj", "{D3E9CDAF-3E61-4C78-98FD-5A96BCB95568}"
EndProject
Project("{FAE04EC0-301F-11D3-BF4B-00C04F79EFBC}") = "Test.OcrProcessor", "Test.OcrProcessor\Test.OcrProcessor.csproj", "{81023983-EC09-47D8-A887-32CF14AEE449}"
EndProject
Project("{FAE04EC0-301F-11D3-BF4B-00C04F79EFBC}") = "DocumentAtom.TypeDetection", "DocumentAtom.TypeDetection\DocumentAtom.TypeDetection.csproj", "{37EA2B3D-CBD3-40D2-A6D4-3EFD2382D5F6}"
EndProject
Project("{FAE04EC0-301F-11D3-BF4B-00C04F79EFBC}") = "DocumentAtom.Server", "DocumentAtom.Server\DocumentAtom.Server.csproj", "{50AA2AF7-992D-4005-BA0B-24727C559C6F}"
EndProject
Project("{FAE04EC0-301F-11D3-BF4B-00C04F79EFBC}") = "DocumentAtom.TextTools", "DocumentAtom.TextTools\DocumentAtom.TextTools.csproj", "{3B4B551E-5C75-4B17-BF3B-B65881A48775}"
EndProject
Project("{FAE04EC0-301F-11D3-BF4B-00C04F79EFBC}") = "Test.TextTools", "Test.TextTools\Test.TextTools.csproj", "{89B34C97-5091-4649-8AF4-FEA6E0159BC3}"
EndProject
Project("{FAE04EC0-301F-11D3-BF4B-00C04F79EFBC}") = "Test.TypeDetection", "Test.TypeDetection\Test.TypeDetection.csproj", "{35D40CF7-74C0-4C3A-A5A9-DB93DAA415F8}"
EndProject
Global
	GlobalSection(SolutionConfigurationPlatforms) = preSolution
		Debug|Any CPU = Debug|Any CPU
		Release|Any CPU = Release|Any CPU
	EndGlobalSection
	GlobalSection(ProjectConfigurationPlatforms) = postSolution
		{5BFFE4F6-28DF-4CE3-B8DB-374BDCA331D6}.Debug|Any CPU.ActiveCfg = Debug|Any CPU
		{5BFFE4F6-28DF-4CE3-B8DB-374BDCA331D6}.Debug|Any CPU.Build.0 = Debug|Any CPU
		{5BFFE4F6-28DF-4CE3-B8DB-374BDCA331D6}.Release|Any CPU.ActiveCfg = Release|Any CPU
		{5BFFE4F6-28DF-4CE3-B8DB-374BDCA331D6}.Release|Any CPU.Build.0 = Release|Any CPU
		{DC0CF25D-275F-4C5F-87DF-0E0F4499D2BE}.Debug|Any CPU.ActiveCfg = Debug|Any CPU
		{DC0CF25D-275F-4C5F-87DF-0E0F4499D2BE}.Debug|Any CPU.Build.0 = Debug|Any CPU
		{DC0CF25D-275F-4C5F-87DF-0E0F4499D2BE}.Release|Any CPU.ActiveCfg = Release|Any CPU
		{DC0CF25D-275F-4C5F-87DF-0E0F4499D2BE}.Release|Any CPU.Build.0 = Release|Any CPU
		{0FA7EE54-24AB-4C84-8277-8E8179288927}.Debug|Any CPU.ActiveCfg = Debug|Any CPU
		{0FA7EE54-24AB-4C84-8277-8E8179288927}.Debug|Any CPU.Build.0 = Debug|Any CPU
		{0FA7EE54-24AB-4C84-8277-8E8179288927}.Release|Any CPU.ActiveCfg = Release|Any CPU
		{0FA7EE54-24AB-4C84-8277-8E8179288927}.Release|Any CPU.Build.0 = Release|Any CPU
		{9F62A348-FD19-4034-B1C4-EF07F687DDF1}.Debug|Any CPU.ActiveCfg = Debug|Any CPU
		{9F62A348-FD19-4034-B1C4-EF07F687DDF1}.Debug|Any CPU.Build.0 = Debug|Any CPU
		{9F62A348-FD19-4034-B1C4-EF07F687DDF1}.Release|Any CPU.ActiveCfg = Release|Any CPU
		{9F62A348-FD19-4034-B1C4-EF07F687DDF1}.Release|Any CPU.Build.0 = Release|Any CPU
		{598C4711-B5BD-4589-96EE-2E39F9A37320}.Debug|Any CPU.ActiveCfg = Debug|Any CPU
		{598C4711-B5BD-4589-96EE-2E39F9A37320}.Debug|Any CPU.Build.0 = Debug|Any CPU
		{598C4711-B5BD-4589-96EE-2E39F9A37320}.Release|Any CPU.ActiveCfg = Release|Any CPU
		{598C4711-B5BD-4589-96EE-2E39F9A37320}.Release|Any CPU.Build.0 = Release|Any CPU
		{D7C17DAD-E599-44E2-B16B-0D10A0D8B01D}.Debug|Any CPU.ActiveCfg = Debug|Any CPU
		{D7C17DAD-E599-44E2-B16B-0D10A0D8B01D}.Debug|Any CPU.Build.0 = Debug|Any CPU
		{D7C17DAD-E599-44E2-B16B-0D10A0D8B01D}.Release|Any CPU.ActiveCfg = Release|Any CPU
		{D7C17DAD-E599-44E2-B16B-0D10A0D8B01D}.Release|Any CPU.Build.0 = Release|Any CPU
		{4822921D-D2F3-4583-8AB1-A1E5E0B74AF5}.Debug|Any CPU.ActiveCfg = Debug|Any CPU
		{4822921D-D2F3-4583-8AB1-A1E5E0B74AF5}.Debug|Any CPU.Build.0 = Debug|Any CPU
		{4822921D-D2F3-4583-8AB1-A1E5E0B74AF5}.Release|Any CPU.ActiveCfg = Release|Any CPU
		{4822921D-D2F3-4583-8AB1-A1E5E0B74AF5}.Release|Any CPU.Build.0 = Release|Any CPU
		{732079A2-6A6E-4C39-9B18-516F1CEDF84B}.Debug|Any CPU.ActiveCfg = Debug|Any CPU
		{732079A2-6A6E-4C39-9B18-516F1CEDF84B}.Debug|Any CPU.Build.0 = Debug|Any CPU
		{732079A2-6A6E-4C39-9B18-516F1CEDF84B}.Release|Any CPU.ActiveCfg = Release|Any CPU
		{732079A2-6A6E-4C39-9B18-516F1CEDF84B}.Release|Any CPU.Build.0 = Release|Any CPU
		{B5581CD9-B2E4-49FA-9D34-66B5CDAB249D}.Debug|Any CPU.ActiveCfg = Debug|Any CPU
		{B5581CD9-B2E4-49FA-9D34-66B5CDAB249D}.Debug|Any CPU.Build.0 = Debug|Any CPU
		{B5581CD9-B2E4-49FA-9D34-66B5CDAB249D}.Release|Any CPU.ActiveCfg = Release|Any CPU
		{B5581CD9-B2E4-49FA-9D34-66B5CDAB249D}.Release|Any CPU.Build.0 = Release|Any CPU
		{4267B518-533F-4EA9-A18A-56425CC8BCA7}.Debug|Any CPU.ActiveCfg = Debug|Any CPU
		{4267B518-533F-4EA9-A18A-56425CC8BCA7}.Debug|Any CPU.Build.0 = Debug|Any CPU
		{4267B518-533F-4EA9-A18A-56425CC8BCA7}.Release|Any CPU.ActiveCfg = Release|Any CPU
		{4267B518-533F-4EA9-A18A-56425CC8BCA7}.Release|Any CPU.Build.0 = Release|Any CPU
		{57A7F970-7304-4308-8FDC-CC9B4EC0F44F}.Debug|Any CPU.ActiveCfg = Debug|Any CPU
		{57A7F970-7304-4308-8FDC-CC9B4EC0F44F}.Debug|Any CPU.Build.0 = Debug|Any CPU
		{57A7F970-7304-4308-8FDC-CC9B4EC0F44F}.Release|Any CPU.ActiveCfg = Release|Any CPU
		{57A7F970-7304-4308-8FDC-CC9B4EC0F44F}.Release|Any CPU.Build.0 = Release|Any CPU
		{DAE0C5DD-9B65-40EA-9C72-16664545362E}.Debug|Any CPU.ActiveCfg = Debug|Any CPU
		{DAE0C5DD-9B65-40EA-9C72-16664545362E}.Debug|Any CPU.Build.0 = Debug|Any CPU
		{DAE0C5DD-9B65-40EA-9C72-16664545362E}.Release|Any CPU.ActiveCfg = Release|Any CPU
		{DAE0C5DD-9B65-40EA-9C72-16664545362E}.Release|Any CPU.Build.0 = Release|Any CPU
		{F8481B5E-F30C-4795-8EA0-F066C284AC92}.Debug|Any CPU.ActiveCfg = Debug|Any CPU
		{F8481B5E-F30C-4795-8EA0-F066C284AC92}.Debug|Any CPU.Build.0 = Debug|Any CPU
		{F8481B5E-F30C-4795-8EA0-F066C284AC92}.Release|Any CPU.ActiveCfg = Release|Any CPU
		{F8481B5E-F30C-4795-8EA0-F066C284AC92}.Release|Any CPU.Build.0 = Release|Any CPU
		{55CF6F68-6756-4C2C-A476-54ED1B8BB48E}.Debug|Any CPU.ActiveCfg = Debug|Any CPU
		{55CF6F68-6756-4C2C-A476-54ED1B8BB48E}.Debug|Any CPU.Build.0 = Debug|Any CPU
		{55CF6F68-6756-4C2C-A476-54ED1B8BB48E}.Release|Any CPU.ActiveCfg = Release|Any CPU
		{55CF6F68-6756-4C2C-A476-54ED1B8BB48E}.Release|Any CPU.Build.0 = Release|Any CPU
		{74E15FE8-D4E1-41E3-B636-3A0F0399FFF6}.Debug|Any CPU.ActiveCfg = Debug|Any CPU
		{74E15FE8-D4E1-41E3-B636-3A0F0399FFF6}.Debug|Any CPU.Build.0 = Debug|Any CPU
		{74E15FE8-D4E1-41E3-B636-3A0F0399FFF6}.Release|Any CPU.ActiveCfg = Release|Any CPU
		{74E15FE8-D4E1-41E3-B636-3A0F0399FFF6}.Release|Any CPU.Build.0 = Release|Any CPU
		{D3E9CDAF-3E61-4C78-98FD-5A96BCB95568}.Debug|Any CPU.ActiveCfg = Debug|Any CPU
		{D3E9CDAF-3E61-4C78-98FD-5A96BCB95568}.Debug|Any CPU.Build.0 = Debug|Any CPU
		{D3E9CDAF-3E61-4C78-98FD-5A96BCB95568}.Release|Any CPU.ActiveCfg = Release|Any CPU
		{D3E9CDAF-3E61-4C78-98FD-5A96BCB95568}.Release|Any CPU.Build.0 = Release|Any CPU
		{81023983-EC09-47D8-A887-32CF14AEE449}.Debug|Any CPU.ActiveCfg = Debug|Any CPU
		{81023983-EC09-47D8-A887-32CF14AEE449}.Debug|Any CPU.Build.0 = Debug|Any CPU
		{81023983-EC09-47D8-A887-32CF14AEE449}.Release|Any CPU.ActiveCfg = Release|Any CPU
		{81023983-EC09-47D8-A887-32CF14AEE449}.Release|Any CPU.Build.0 = Release|Any CPU
		{37EA2B3D-CBD3-40D2-A6D4-3EFD2382D5F6}.Debug|Any CPU.ActiveCfg = Debug|Any CPU
		{37EA2B3D-CBD3-40D2-A6D4-3EFD2382D5F6}.Debug|Any CPU.Build.0 = Debug|Any CPU
		{37EA2B3D-CBD3-40D2-A6D4-3EFD2382D5F6}.Release|Any CPU.ActiveCfg = Release|Any CPU
		{37EA2B3D-CBD3-40D2-A6D4-3EFD2382D5F6}.Release|Any CPU.Build.0 = Release|Any CPU
		{50AA2AF7-992D-4005-BA0B-24727C559C6F}.Debug|Any CPU.ActiveCfg = Debug|Any CPU
		{50AA2AF7-992D-4005-BA0B-24727C559C6F}.Debug|Any CPU.Build.0 = Debug|Any CPU
		{50AA2AF7-992D-4005-BA0B-24727C559C6F}.Release|Any CPU.ActiveCfg = Release|Any CPU
		{50AA2AF7-992D-4005-BA0B-24727C559C6F}.Release|Any CPU.Build.0 = Release|Any CPU
		{3B4B551E-5C75-4B17-BF3B-B65881A48775}.Debug|Any CPU.ActiveCfg = Debug|Any CPU
		{3B4B551E-5C75-4B17-BF3B-B65881A48775}.Debug|Any CPU.Build.0 = Debug|Any CPU
		{3B4B551E-5C75-4B17-BF3B-B65881A48775}.Release|Any CPU.ActiveCfg = Release|Any CPU
		{3B4B551E-5C75-4B17-BF3B-B65881A48775}.Release|Any CPU.Build.0 = Release|Any CPU
		{89B34C97-5091-4649-8AF4-FEA6E0159BC3}.Debug|Any CPU.ActiveCfg = Debug|Any CPU
		{89B34C97-5091-4649-8AF4-FEA6E0159BC3}.Debug|Any CPU.Build.0 = Debug|Any CPU
		{89B34C97-5091-4649-8AF4-FEA6E0159BC3}.Release|Any CPU.ActiveCfg = Release|Any CPU
		{89B34C97-5091-4649-8AF4-FEA6E0159BC3}.Release|Any CPU.Build.0 = Release|Any CPU
		{35D40CF7-74C0-4C3A-A5A9-DB93DAA415F8}.Debug|Any CPU.ActiveCfg = Debug|Any CPU
		{35D40CF7-74C0-4C3A-A5A9-DB93DAA415F8}.Debug|Any CPU.Build.0 = Debug|Any CPU
		{35D40CF7-74C0-4C3A-A5A9-DB93DAA415F8}.Release|Any CPU.ActiveCfg = Release|Any CPU
		{35D40CF7-74C0-4C3A-A5A9-DB93DAA415F8}.Release|Any CPU.Build.0 = Release|Any CPU
	EndGlobalSection
	GlobalSection(SolutionProperties) = preSolution
		HideSolutionNode = FALSE
	EndGlobalSection
EndGlobal
